
Microsoft Visual Studio Solution File, Format Version 12.00
# Visual Studio Version 16
VisualStudioVersion = 16.0.31129.286
MinimumVisualStudioVersion = 10.0.40219.1
Project("{9A19103F-16F7-4668-BE54-9A1E7A4F7556}") = "GradeBook", "GradeBook.csproj", "{9BEC72C7-BBEB-450F-A79B-07A67F6B02BA}"
EndProject
Project("{FAE04EC0-301F-11D3-BF4B-00C04F79EFBC}") = "GradeBook.Tests", "..\..\test\GradeBook.Tests\GradeBook.Tests.csproj", "{6B44BA0D-CCFA-45D8-A269-F74B35571B13}"
EndProject
Global
	GlobalSection(SolutionConfigurationPlatforms) = preSolution
		Debug|Any CPU = Debug|Any CPU
		Release|Any CPU = Release|Any CPU
	EndGlobalSection
	GlobalSection(ProjectConfigurationPlatforms) = postSolution
		{9BEC72C7-BBEB-450F-A79B-07A67F6B02BA}.Debug|Any CPU.ActiveCfg = Debug|Any CPU
		{9BEC72C7-BBEB-450F-A79B-07A67F6B02BA}.Debug|Any CPU.Build.0 = Debug|Any CPU
		{9BEC72C7-BBEB-450F-A79B-07A67F6B02BA}.Release|Any CPU.ActiveCfg = Release|Any CPU
		{9BEC72C7-BBEB-450F-A79B-07A67F6B02BA}.Release|Any CPU.Build.0 = Release|Any CPU
		{6B44BA0D-CCFA-45D8-A269-F74B35571B13}.Debug|Any CPU.ActiveCfg = Debug|Any CPU
		{6B44BA0D-CCFA-45D8-A269-F74B35571B13}.Debug|Any CPU.Build.0 = Debug|Any CPU
		{6B44BA0D-CCFA-45D8-A269-F74B35571B13}.Release|Any CPU.ActiveCfg = Release|Any CPU
		{6B44BA0D-CCFA-45D8-A269-F74B35571B13}.Release|Any CPU.Build.0 = Release|Any CPU
	EndGlobalSection
	GlobalSection(SolutionProperties) = preSolution
		HideSolutionNode = FALSE
	EndGlobalSection
	GlobalSection(ExtensibilityGlobals) = postSolution
		SolutionGuid = {977590C9-8493-4602-BE2F-6FC0CC98C780}
	EndGlobalSection
EndGlobal
